{
    "_meta": {
        "hash": {
            "sha256": "a3b4a2b5a1230c88a49fdf65698c593658ea1b654c94541cb9e804702018704a"
        },
        "pipfile-spec": 6,
        "requires": {
            "python_version": "3.12"
        },
        "sources": [
            {
                "name": "pypi",
                "url": "https://pypi.org/simple",
                "verify_ssl": true
            }
        ]
    },
    "default": {},
    "develop": {}
}
